
Microsoft Visual Studio Solution File, Format Version 12.00
# Visual Studio Version 17
VisualStudioVersion = 17.11.35222.181
MinimumVisualStudioVersion = 10.0.40219.1
Project("{FAE04EC0-301F-11D3-BF4B-00C04F79EFBC}") = "ApplicationNet", "ApplicationNet\ApplicationNet.csproj", "{401724B6-4BE6-48FF-9B5D-7AB586D6BA13}"
EndProject
Project("{FAE04EC0-301F-11D3-BF4B-00C04F79EFBC}") = "ProjectOne", "ProjectOne\ProjectOne.csproj", "{54E28339-74D5-41D0-8EB1-5AFD666EAA70}"
EndProject
Project("{FAE04EC0-301F-11D3-BF4B-00C04F79EFBC}") = "TestProjectOne", "TestProjectOne\TestProjectOne.csproj", "{A00503AA-41F5-4C3D-BB6B-DB5C291B732B}"
EndProject
Global
	GlobalSection(SolutionConfigurationPlatforms) = preSolution
		Debug|Any CPU = Debug|Any CPU
		Release|Any CPU = Release|Any CPU
	EndGlobalSection
	GlobalSection(ProjectConfigurationPlatforms) = postSolution
		{401724B6-4BE6-48FF-9B5D-7AB586D6BA13}.Debug|Any CPU.ActiveCfg = Debug|Any CPU
		{401724B6-4BE6-48FF-9B5D-7AB586D6BA13}.Debug|Any CPU.Build.0 = Debug|Any CPU
		{401724B6-4BE6-48FF-9B5D-7AB586D6BA13}.Release|Any CPU.ActiveCfg = Release|Any CPU
		{401724B6-4BE6-48FF-9B5D-7AB586D6BA13}.Release|Any CPU.Build.0 = Release|Any CPU
		{54E28339-74D5-41D0-8EB1-5AFD666EAA70}.Debug|Any CPU.ActiveCfg = Debug|Any CPU
		{54E28339-74D5-41D0-8EB1-5AFD666EAA70}.Debug|Any CPU.Build.0 = Debug|Any CPU
		{54E28339-74D5-41D0-8EB1-5AFD666EAA70}.Release|Any CPU.ActiveCfg = Release|Any CPU
		{54E28339-74D5-41D0-8EB1-5AFD666EAA70}.Release|Any CPU.Build.0 = Release|Any CPU
		{A00503AA-41F5-4C3D-BB6B-DB5C291B732B}.Debug|Any CPU.ActiveCfg = Debug|Any CPU
		{A00503AA-41F5-4C3D-BB6B-DB5C291B732B}.Debug|Any CPU.Build.0 = Debug|Any CPU
		{A00503AA-41F5-4C3D-BB6B-DB5C291B732B}.Release|Any CPU.ActiveCfg = Release|Any CPU
		{A00503AA-41F5-4C3D-BB6B-DB5C291B732B}.Release|Any CPU.Build.0 = Release|Any CPU
	EndGlobalSection
	GlobalSection(SolutionProperties) = preSolution
		HideSolutionNode = FALSE
	EndGlobalSection
	GlobalSection(ExtensibilityGlobals) = postSolution
		SolutionGuid = {BBEE1F4E-6551-43BA-83F5-655A1373D12A}
	EndGlobalSection
EndGlobal
